
Microsoft Visual Studio Solution File, Format Version 12.00
# Visual Studio Version 16
VisualStudioVersion = 16.0.29411.108
MinimumVisualStudioVersion = 10.0.40219.1
Project("{FAE04EC0-301F-11D3-BF4B-00C04F79EFBC}") = "Leila_GUI", "Leila_GUI.csproj", "{38425BF5-BAF2-4DF2-BD70-BD3564EBCF8C}"
EndProject
Global
	GlobalSection(SolutionConfigurationPlatforms) = preSolution
		Debug|Any CPU = Debug|Any CPU
		Release|Any CPU = Release|Any CPU
	EndGlobalSection
	GlobalSection(ProjectConfigurationPlatforms) = postSolution
		{38425BF5-BAF2-4DF2-BD70-BD3564EBCF8C}.Debug|Any CPU.ActiveCfg = Debug|Any CPU
		{38425BF5-BAF2-4DF2-BD70-BD3564EBCF8C}.Debug|Any CPU.Build.0 = Debug|Any CPU
		{38425BF5-BAF2-4DF2-BD70-BD3564EBCF8C}.Release|Any CPU.ActiveCfg = Release|Any CPU
		{38425BF5-BAF2-4DF2-BD70-BD3564EBCF8C}.Release|Any CPU.Build.0 = Release|Any CPU
	EndGlobalSection
	GlobalSection(SolutionProperties) = preSolution
		HideSolutionNode = FALSE
	EndGlobalSection
	GlobalSection(ExtensibilityGlobals) = postSolution
		SolutionGuid = {007001C0-B395-4AC3-B09E-B57700B248AE}
	EndGlobalSection
EndGlobal
